// !$*UTF8*$!
{
	archiveVersion = 1;
	classes = {
	};
	objectVersion = 45;
	objects = {

/* Begin PBXBuildFile section */
		1D60589F0D05DD5A006BFB54 /* Foundation.framework in Frameworks */ = {isa = PBXBuildFile; fileRef = 1D30AB110D05D00D00671497 /* Foundation.framework */; };
		1DF5F4E00D08C38300B7A737 /* UIKit.framework in Frameworks */ = {isa = PBXBuildFile; fileRef = 1DF5F4DF0D08C38300B7A737 /* UIKit.framework */; };
		288765A50DF7441C002DB57D /* CoreGraphics.framework in Frameworks */ = {isa = PBXBuildFile; fileRef = 288765A40DF7441C002DB57D /* CoreGraphics.framework */; };
		2C56B3EA100139C000A391DD /* VT100.h in Headers */ = {isa = PBXBuildFile; fileRef = 2CD2ED0E1001389100083BC5 /* VT100.h */; };
		2C56B3EB100139C000A391DD /* VT100Screen.h in Headers */ = {isa = PBXBuildFile; fileRef = 2CD2ED101001389100083BC5 /* VT100Screen.h */; };
		2C56B3EC100139C000A391DD /* VT100TextView.h in Headers */ = {isa = PBXBuildFile; fileRef = 2CD2ED111001389100083BC5 /* VT100TextView.h */; settings = {ATTRIBUTES = (Public, ); }; };
		2C56B3ED100139C000A391DD /* VT100Terminal.h in Headers */ = {isa = PBXBuildFile; fileRef = 2CD2ED131001389100083BC5 /* VT100Terminal.h */; };
		2C56B3EE100139C000A391DD /* VT100Types.h in Headers */ = {isa = PBXBuildFile; fileRef = 2CD2ED0B1001387C00083BC5 /* VT100Types.h */; };
		2C56B3EF100139C000A391DD /* charmaps.h in Headers */ = {isa = PBXBuildFile; fileRef = 2CD2ED0A1001387000083BC5 /* charmaps.h */; };
		2C56B4B61001534800A391DD /* VT100_Prefix.pch in Headers */ = {isa = PBXBuildFile; fileRef = 2C56B4B51001534800A391DD /* VT100_Prefix.pch */; };
		2CB55A201001598D00BF518E /* VT100Test.m in Sources */ = {isa = PBXBuildFile; fileRef = 2CB55A0A1001591300BF518E /* VT100Test.m */; };
		2CB55A5910015BC000BF518E /* VT100.m in Sources */ = {isa = PBXBuildFile; fileRef = 2CD2ED0C1001389100083BC5 /* VT100.m */; };
		2CB55A6410015C0B00BF518E /* VT100Terminal.m in Sources */ = {isa = PBXBuildFile; fileRef = 2CD2ED0D1001389100083BC5 /* VT100Terminal.m */; };
		2CB55A6510015C0B00BF518E /* VT100Screen.m in Sources */ = {isa = PBXBuildFile; fileRef = 2CD2ED0F1001389100083BC5 /* VT100Screen.m */; };
		2CD2ED141001389100083BC5 /* VT100.m in Sources */ = {isa = PBXBuildFile; fileRef = 2CD2ED0C1001389100083BC5 /* VT100.m */; };
		2CD2ED151001389100083BC5 /* VT100Terminal.m in Sources */ = {isa = PBXBuildFile; fileRef = 2CD2ED0D1001389100083BC5 /* VT100Terminal.m */; };
		2CD2ED161001389100083BC5 /* VT100Screen.m in Sources */ = {isa = PBXBuildFile; fileRef = 2CD2ED0F1001389100083BC5 /* VT100Screen.m */; };
		2CD2ED171001389100083BC5 /* VT100TextView.m in Sources */ = {isa = PBXBuildFile; fileRef = 2CD2ED121001389100083BC5 /* VT100TextView.m */; };
/* End PBXBuildFile section */

/* Begin PBXFileReference section */
		1D30AB110D05D00D00671497 /* Foundation.framework */ = {isa = PBXFileReference; lastKnownFileType = wrapper.framework; name = Foundation.framework; path = System/Library/Frameworks/Foundation.framework; sourceTree = SDKROOT; };
		1D6058910D05DD3D006BFB54 /* VT100.framework */ = {isa = PBXFileReference; explicitFileType = wrapper.application; includeInIndex = 0; path = VT100.framework; sourceTree = BUILT_PRODUCTS_DIR; };
		1DF5F4DF0D08C38300B7A737 /* UIKit.framework */ = {isa = PBXFileReference; lastKnownFileType = wrapper.framework; name = UIKit.framework; path = System/Library/Frameworks/UIKit.framework; sourceTree = SDKROOT; };
		288765A40DF7441C002DB57D /* CoreGraphics.framework */ = {isa = PBXFileReference; lastKnownFileType = wrapper.framework; name = CoreGraphics.framework; path = System/Library/Frameworks/CoreGraphics.framework; sourceTree = SDKROOT; };
		2C56B4B51001534800A391DD /* VT100_Prefix.pch */ = {isa = PBXFileReference; fileEncoding = 4; lastKnownFileType = sourcecode.c.h; path = VT100_Prefix.pch; sourceTree = "<group>"; };
		2CB559DE100157B800BF518E /* VT100Tests-Info.plist */ = {isa = PBXFileReference; lastKnownFileType = text.plist.xml; path = "VT100Tests-Info.plist"; sourceTree = "<group>"; };
		2CB55A091001591300BF518E /* VT100Test.h */ = {isa = PBXFileReference; fileEncoding = 4; lastKnownFileType = sourcecode.c.h; name = VT100Test.h; path = Tests/VT100Test.h; sourceTree = "<group>"; };
		2CB55A0A1001591300BF518E /* VT100Test.m */ = {isa = PBXFileReference; fileEncoding = 4; lastKnownFileType = sourcecode.c.objc; name = VT100Test.m; path = Tests/VT100Test.m; sourceTree = "<group>"; };
		2CB55A1D1001597D00BF518E /* VT100Tests.octest */ = {isa = PBXFileReference; explicitFileType = wrapper.cfbundle; includeInIndex = 0; path = VT100Tests.octest; sourceTree = BUILT_PRODUCTS_DIR; };
		2CD2ED0A1001387000083BC5 /* charmaps.h */ = {isa = PBXFileReference; fileEncoding = 4; lastKnownFileType = sourcecode.c.h; path = charmaps.h; sourceTree = "<group>"; };
		2CD2ED0B1001387C00083BC5 /* VT100Types.h */ = {isa = PBXFileReference; fileEncoding = 4; lastKnownFileType = sourcecode.c.h; path = VT100Types.h; sourceTree = "<group>"; };
		2CD2ED0C1001389100083BC5 /* VT100.m */ = {isa = PBXFileReference; fileEncoding = 4; lastKnownFileType = sourcecode.c.objc; path = VT100.m; sourceTree = "<group>"; };
		2CD2ED0D1001389100083BC5 /* VT100Terminal.m */ = {isa = PBXFileReference; fileEncoding = 4; lastKnownFileType = sourcecode.c.objc; path = VT100Terminal.m; sourceTree = "<group>"; };
		2CD2ED0E1001389100083BC5 /* VT100.h */ = {isa = PBXFileReference; fileEncoding = 4; lastKnownFileType = sourcecode.c.h; path = VT100.h; sourceTree = "<group>"; };
		2CD2ED0F1001389100083BC5 /* VT100Screen.m */ = {isa = PBXFileReference; fileEncoding = 4; lastKnownFileType = sourcecode.c.objc; path = VT100Screen.m; sourceTree = "<group>"; };
		2CD2ED101001389100083BC5 /* VT100Screen.h */ = {isa = PBXFileReference; fileEncoding = 4; lastKnownFileType = sourcecode.c.h; path = VT100Screen.h; sourceTree = "<group>"; };
		2CD2ED111001389100083BC5 /* VT100TextView.h */ = {isa = PBXFileReference; fileEncoding = 4; lastKnownFileType = sourcecode.c.h; path = VT100TextView.h; sourceTree = "<group>"; };
		2CD2ED121001389100083BC5 /* VT100TextView.m */ = {isa = PBXFileReference; fileEncoding = 4; lastKnownFileType = sourcecode.c.objc; path = VT100TextView.m; sourceTree = "<group>"; };
		2CD2ED131001389100083BC5 /* VT100Terminal.h */ = {isa = PBXFileReference; fileEncoding = 4; lastKnownFileType = sourcecode.c.h; path = VT100Terminal.h; sourceTree = "<group>"; };
		8D1107310486CEB800E47090 /* VT100-Info.plist */ = {isa = PBXFileReference; fileEncoding = 4; lastKnownFileType = text.plist.xml; path = "VT100-Info.plist"; plistStructureDefinitionIdentifier = "com.apple.xcode.plist.structure-definition.iphone.info-plist"; sourceTree = "<group>"; };
/* End PBXFileReference section */

/* Begin PBXFrameworksBuildPhase section */
		1D60588F0D05DD3D006BFB54 /* Frameworks */ = {
			isa = PBXFrameworksBuildPhase;
			buildActionMask = 2147483647;
			files = (
				1D60589F0D05DD5A006BFB54 /* Foundation.framework in Frameworks */,
				1DF5F4E00D08C38300B7A737 /* UIKit.framework in Frameworks */,
				288765A50DF7441C002DB57D /* CoreGraphics.framework in Frameworks */,
			);
			runOnlyForDeploymentPostprocessing = 0;
		};
		2CB55A1A1001597D00BF518E /* Frameworks */ = {
			isa = PBXFrameworksBuildPhase;
			buildActionMask = 2147483647;
			files = (
			);
			runOnlyForDeploymentPostprocessing = 0;
		};
/* End PBXFrameworksBuildPhase section */

/* Begin PBXGroup section */
		080E96DDFE201D6D7F000001 /* Classes */ = {
			isa = PBXGroup;
			children = (
				2CD2ED0C1001389100083BC5 /* VT100.m */,
				2CD2ED0D1001389100083BC5 /* VT100Terminal.m */,
				2CD2ED0E1001389100083BC5 /* VT100.h */,
				2CD2ED0F1001389100083BC5 /* VT100Screen.m */,
				2CD2ED101001389100083BC5 /* VT100Screen.h */,
				2CD2ED111001389100083BC5 /* VT100TextView.h */,
				2CD2ED121001389100083BC5 /* VT100TextView.m */,
				2CD2ED131001389100083BC5 /* VT100Terminal.h */,
			);
			path = Classes;
			sourceTree = "<group>";
		};
		19C28FACFE9D520D11CA2CBB /* Products */ = {
			isa = PBXGroup;
			children = (
				1D6058910D05DD3D006BFB54 /* VT100.framework */,
				2CB55A1D1001597D00BF518E /* VT100Tests.octest */,
			);
			name = Products;
			sourceTree = "<group>";
		};
		29B97314FDCFA39411CA2CEA /* CustomTemplate */ = {
			isa = PBXGroup;
			children = (
				2CB55A07100158E500BF518E /* Tests */,
				080E96DDFE201D6D7F000001 /* Classes */,
				29B97315FDCFA39411CA2CEA /* Other Sources */,
				29B97317FDCFA39411CA2CEA /* Resources */,
				29B97323FDCFA39411CA2CEA /* Frameworks */,
				19C28FACFE9D520D11CA2CBB /* Products */,
				2CB559DE100157B800BF518E /* VT100Tests-Info.plist */,
			);
			name = CustomTemplate;
			sourceTree = "<group>";
		};
		29B97315FDCFA39411CA2CEA /* Other Sources */ = {
			isa = PBXGroup;
			children = (
				2C56B4B51001534800A391DD /* VT100_Prefix.pch */,
				2CD2ED0B1001387C00083BC5 /* VT100Types.h */,
				2CD2ED0A1001387000083BC5 /* charmaps.h */,
			);
			name = "Other Sources";
			sourceTree = "<group>";
		};
		29B97317FDCFA39411CA2CEA /* Resources */ = {
			isa = PBXGroup;
			children = (
				8D1107310486CEB800E47090 /* VT100-Info.plist */,
			);
			name = Resources;
			sourceTree = "<group>";
		};
		29B97323FDCFA39411CA2CEA /* Frameworks */ = {
			isa = PBXGroup;
			children = (
				1DF5F4DF0D08C38300B7A737 /* UIKit.framework */,
				1D30AB110D05D00D00671497 /* Foundation.framework */,
				288765A40DF7441C002DB57D /* CoreGraphics.framework */,
			);
			name = Frameworks;
			sourceTree = "<group>";
		};
		2CB55A07100158E500BF518E /* Tests */ = {
			isa = PBXGroup;
			children = (
				2CB55A091001591300BF518E /* VT100Test.h */,
				2CB55A0A1001591300BF518E /* VT100Test.m */,
			);
			name = Tests;
			sourceTree = "<group>";
		};
/* End PBXGroup section */

/* Begin PBXHeadersBuildPhase section */
		2C56B3F010013A1200A391DD /* Headers */ = {
			isa = PBXHeadersBuildPhase;
			buildActionMask = 2147483647;
			files = (
				2C56B3EA100139C000A391DD /* VT100.h in Headers */,
				2C56B3EB100139C000A391DD /* VT100Screen.h in Headers */,
				2C56B3EC100139C000A391DD /* VT100TextView.h in Headers */,
				2C56B3ED100139C000A391DD /* VT100Terminal.h in Headers */,
				2C56B3EE100139C000A391DD /* VT100Types.h in Headers */,
				2C56B3EF100139C000A391DD /* charmaps.h in Headers */,
				2C56B4B61001534800A391DD /* VT100_Prefix.pch in Headers */,
			);
			runOnlyForDeploymentPostprocessing = 0;
		};
/* End PBXHeadersBuildPhase section */

/* Begin PBXNativeTarget section */
		1D6058900D05DD3D006BFB54 /* VT100 */ = {
			isa = PBXNativeTarget;
			buildConfigurationList = 1D6058960D05DD3E006BFB54 /* Build configuration list for PBXNativeTarget "VT100" */;
			buildPhases = (
				2C56B3F010013A1200A391DD /* Headers */,
				1D60588D0D05DD3D006BFB54 /* Resources */,
				1D60588E0D05DD3D006BFB54 /* Sources */,
				1D60588F0D05DD3D006BFB54 /* Frameworks */,
			);
			buildRules = (
			);
			dependencies = (
			);
			name = VT100;
			productName = VT100;
			productReference = 1D6058910D05DD3D006BFB54 /* VT100.framework */;
			productType = "com.apple.product-type.application";
		};
		2CB55A1C1001597D00BF518E /* VT100Tests */ = {
			isa = PBXNativeTarget;
			buildConfigurationList = 2CB55A27100159B200BF518E /* Build configuration list for PBXNativeTarget "VT100Tests" */;
			buildPhases = (
				2CB55A181001597D00BF518E /* Resources */,
				2CB55A191001597D00BF518E /* Sources */,
				2CB55A1A1001597D00BF518E /* Frameworks */,
				2CB55A1B1001597D00BF518E /* ShellScript */,
			);
			buildRules = (
			);
			dependencies = (
			);
			name = VT100Tests;
			productName = VT100Tests;
			productReference = 2CB55A1D1001597D00BF518E /* VT100Tests.octest */;
			productType = "com.apple.product-type.bundle";
		};
/* End PBXNativeTarget section */

/* Begin PBXProject section */
		29B97313FDCFA39411CA2CEA /* Project object */ = {
			isa = PBXProject;
			buildConfigurationList = C01FCF4E08A954540054247B /* Build configuration list for PBXProject "VT100" */;
			compatibilityVersion = "Xcode 3.1";
			hasScannedForEncodings = 1;
			mainGroup = 29B97314FDCFA39411CA2CEA /* CustomTemplate */;
			projectDirPath = "";
			projectRoot = "";
			targets = (
				1D6058900D05DD3D006BFB54 /* VT100 */,
				2CB55A1C1001597D00BF518E /* VT100Tests */,
			);
		};
/* End PBXProject section */

/* Begin PBXResourcesBuildPhase section */
		1D60588D0D05DD3D006BFB54 /* Resources */ = {
			isa = PBXResourcesBuildPhase;
			buildActionMask = 2147483647;
			files = (
			);
			runOnlyForDeploymentPostprocessing = 0;
		};
		2CB55A181001597D00BF518E /* Resources */ = {
			isa = PBXResourcesBuildPhase;
			buildActionMask = 2147483647;
			files = (
			);
			runOnlyForDeploymentPostprocessing = 0;
		};
/* End PBXResourcesBuildPhase section */

/* Begin PBXShellScriptBuildPhase section */
		2CB55A1B1001597D00BF518E /* ShellScript */ = {
			isa = PBXShellScriptBuildPhase;
			buildActionMask = 2147483647;
			files = (
			);
			inputPaths = (
			);
			outputPaths = (
			);
			runOnlyForDeploymentPostprocessing = 0;
			shellPath = /bin/sh;
			shellScript = "# Run the unit tests in this test bundle.\n\"${SYSTEM_DEVELOPER_DIR}/Tools/RunUnitTests\"\n";
		};
/* End PBXShellScriptBuildPhase section */

/* Begin PBXSourcesBuildPhase section */
		1D60588E0D05DD3D006BFB54 /* Sources */ = {
			isa = PBXSourcesBuildPhase;
			buildActionMask = 2147483647;
			files = (
				2CD2ED141001389100083BC5 /* VT100.m in Sources */,
				2CD2ED151001389100083BC5 /* VT100Terminal.m in Sources */,
				2CD2ED161001389100083BC5 /* VT100Screen.m in Sources */,
				2CD2ED171001389100083BC5 /* VT100TextView.m in Sources */,
			);
			runOnlyForDeploymentPostprocessing = 0;
		};
		2CB55A191001597D00BF518E /* Sources */ = {
			isa = PBXSourcesBuildPhase;
			buildActionMask = 2147483647;
			files = (
				2CB55A6410015C0B00BF518E /* VT100Terminal.m in Sources */,
				2CB55A6510015C0B00BF518E /* VT100Screen.m in Sources */,
				2CB55A5910015BC000BF518E /* VT100.m in Sources */,
				2CB55A201001598D00BF518E /* VT100Test.m in Sources */,
			);
			runOnlyForDeploymentPostprocessing = 0;
		};
/* End PBXSourcesBuildPhase section */

/* Begin XCBuildConfiguration section */
		1D6058940D05DD3E006BFB54 /* Debug */ = {
			isa = XCBuildConfiguration;
			buildSettings = {
				ALWAYS_SEARCH_USER_PATHS = NO;
				COPY_PHASE_STRIP = NO;
				GCC_DYNAMIC_NO_PIC = NO;
				GCC_OPTIMIZATION_LEVEL = 0;
				GCC_PRECOMPILE_PREFIX_HEADER = YES;
				GCC_PREFIX_HEADER = VT100_Prefix.pch;
				INFOPLIST_FILE = "VT100-Info.plist";
				INSTALL_PATH = "@executable_path/../Frameworks";
				MACH_O_TYPE = mh_dylib;
				PRODUCT_NAME = VT100;
				WRAPPER_EXTENSION = framework;
			};
			name = Debug;
		};
		1D6058950D05DD3E006BFB54 /* Release */ = {
			isa = XCBuildConfiguration;
			buildSettings = {
				ALWAYS_SEARCH_USER_PATHS = NO;
				COPY_PHASE_STRIP = YES;
				GCC_PRECOMPILE_PREFIX_HEADER = YES;
				GCC_PREFIX_HEADER = VT100_Prefix.pch;
				INFOPLIST_FILE = "VT100-Info.plist";
				INSTALL_PATH = "@executable_path/../Frameworks";
				MACH_O_TYPE = mh_dylib;
				PRODUCT_NAME = VT100;
				WRAPPER_EXTENSION = framework;
			};
			name = Release;
		};
		2CB55A1E1001597E00BF518E /* Debug */ = {
			isa = XCBuildConfiguration;
			buildSettings = {
				ALWAYS_SEARCH_USER_PATHS = NO;
				COPY_PHASE_STRIP = NO;
				FRAMEWORK_SEARCH_PATHS = "$(DEVELOPER_LIBRARY_DIR)/Frameworks";
				GCC_DYNAMIC_NO_PIC = NO;
				GCC_ENABLE_FIX_AND_CONTINUE = NO;
				GCC_ENABLE_OBJC_EXCEPTIONS = YES;
				GCC_OPTIMIZATION_LEVEL = 0;
				INFOPLIST_FILE = "VT100Tests-Info.plist";
				OTHER_LDFLAGS = (
					"-framework",
					Foundation,
					"-framework",
					SenTestingKit,
					"-framework",
					UIKit,
					"-lcurses",
				);
				PREBINDING = NO;
				PRODUCT_NAME = VT100Tests;
				WRAPPER_EXTENSION = octest;
			};
			name = Debug;
		};
		2CB55A1F1001597E00BF518E /* Release */ = {
			isa = XCBuildConfiguration;
			buildSettings = {
				ALWAYS_SEARCH_USER_PATHS = NO;
				COPY_PHASE_STRIP = YES;
				DEBUG_INFORMATION_FORMAT = "dwarf-with-dsym";
				FRAMEWORK_SEARCH_PATHS = "$(DEVELOPER_LIBRARY_DIR)/Frameworks";
				GCC_ENABLE_FIX_AND_CONTINUE = NO;
				GCC_ENABLE_OBJC_EXCEPTIONS = YES;
				INFOPLIST_FILE = "VT100Tests-Info.plist";
				OTHER_LDFLAGS = (
					"-framework",
					Foundation,
					"-framework",
					SenTestingKit,
					"-framework",
					UIKit,
					"-lcurses",
				);
				PREBINDING = NO;
				PRODUCT_NAME = VT100Tests;
				WRAPPER_EXTENSION = octest;
				ZERO_LINK = NO;
			};
			name = Release;
		};
		C01FCF4F08A954540054247B /* Debug */ = {
			isa = XCBuildConfiguration;
			buildSettings = {
				ARCHS = "$(ARCHS_STANDARD_32_BIT)";
				"CODE_SIGN_IDENTITY[sdk=iphoneos*]" = "iPhone Developer";
				GCC_C_LANGUAGE_STANDARD = c99;
				GCC_WARN_ABOUT_RETURN_TYPE = YES;
				GCC_WARN_UNUSED_VARIABLE = YES;
				ONLY_ACTIVE_ARCH = YES;
				OTHER_LDFLAGS = "-lcurses";
				PREBINDING = NO;
				SDKROOT = iphoneos3.0;
			};
			name = Debug;
		};
		C01FCF5008A954540054247B /* Release */ = {
			isa = XCBuildConfiguration;
			buildSettings = {
				ARCHS = "$(ARCHS_STANDARD_32_BIT)";
				"CODE_SIGN_IDENTITY[sdk=iphoneos*]" = "iPhone Developer";
				GCC_C_LANGUAGE_STANDARD = c99;
				GCC_WARN_ABOUT_RETURN_TYPE = YES;
				GCC_WARN_UNUSED_VARIABLE = YES;
				OTHER_LDFLAGS = "-lcurses";
				PREBINDING = NO;
				SDKROOT = iphoneos3.0;
			};
			name = Release;
		};
/* End XCBuildConfiguration section */

/* Begin XCConfigurationList section */
		1D6058960D05DD3E006BFB54 /* Build configuration list for PBXNativeTarget "VT100" */ = {
			isa = XCConfigurationList;
			buildConfigurations = (
				1D6058940D05DD3E006BFB54 /* Debug */,
				1D6058950D05DD3E006BFB54 /* Release */,
			);
			defaultConfigurationIsVisible = 0;
			defaultConfigurationName = Release;
		};
		2CB55A27100159B200BF518E /* Build configuration list for PBXNativeTarget "VT100Tests" */ = {
			isa = XCConfigurationList;
			buildConfigurations = (
				2CB55A1E1001597E00BF518E /* Debug */,
				2CB55A1F1001597E00BF518E /* Release */,
			);
			defaultConfigurationIsVisible = 0;
			defaultConfigurationName = Release;
		};
		C01FCF4E08A954540054247B /* Build configuration list for PBXProject "VT100" */ = {
			isa = XCConfigurationList;
			buildConfigurations = (
				C01FCF4F08A954540054247B /* Debug */,
				C01FCF5008A954540054247B /* Release */,
			);
			defaultConfigurationIsVisible = 0;
			defaultConfigurationName = Release;
		};
/* End XCConfigurationList section */
	};
	rootObject = 29B97313FDCFA39411CA2CEA /* Project object */;
}
